
Microsoft Visual Studio Solution File, Format Version 12.00
# Visual Studio Version 16
VisualStudioVersion = 16.0.28803.202
MinimumVisualStudioVersion = 10.0.40219.1
Project("{9A19103F-16F7-4668-BE54-9A1E7A4F7556}") = "WebApp", "WebApp\WebApp.csproj", "{B85D5E5A-260F-43BA-88BD-671161F86CF7}"
EndProject
Project("{9A19103F-16F7-4668-BE54-9A1E7A4F7556}") = "Domain", "Domain\Domain.csproj", "{1E00AFEC-566C-4477-A49C-16888BA37CD5}"
EndProject
Project("{2150E333-8FDC-42A3-9474-1A3956D46DE8}") = "Solution Items", "Solution Items", "{8C95BEE3-4748-4E8C-B5E0-8DD017CE1AF0}"
	ProjectSection(SolutionItems) = preProject
		..\.gitignore = ..\.gitignore
		..\AURELIA.md = ..\AURELIA.md
		Directory.Build.props = Directory.Build.props
		..\README.md = ..\README.md
	EndProjectSection
EndProject
Project("{9A19103F-16F7-4668-BE54-9A1E7A4F7556}") = "Identity", "Identity\Identity.csproj", "{0D7F08B2-BD20-4E9D-90EB-4A5BE551C98D}"
EndProject
Project("{9A19103F-16F7-4668-BE54-9A1E7A4F7556}") = "Contracts.DAL.Base", "Contracts.DAL.Base\Contracts.DAL.Base.csproj", "{447F4B0F-27A1-41DA-94B6-DED0D4145BC8}"
EndProject
Project("{9A19103F-16F7-4668-BE54-9A1E7A4F7556}") = "Contracts.DAL.App", "Contracts.DAL.App\Contracts.DAL.App.csproj", "{20204F78-BEA6-498D-B503-627D1E1CCC06}"
EndProject
Project("{9A19103F-16F7-4668-BE54-9A1E7A4F7556}") = "DAL.Base.EF", "DAL.Base.EF\DAL.Base.EF.csproj", "{953AEB68-5146-42B7-8C1A-1994D3158B3A}"
EndProject
Project("{9A19103F-16F7-4668-BE54-9A1E7A4F7556}") = "DAL.App.EF", "DAL.App.EF\DAL.App.EF.csproj", "{63B49079-2C79-49C4-BA63-4EE671242B24}"
EndProject
Project("{9A19103F-16F7-4668-BE54-9A1E7A4F7556}") = "DAL.App.DTO", "DAL.App.DTO\DAL.App.DTO.csproj", "{E77BDC9E-9ACF-4673-83B8-E5970258C12A}"
EndProject
Project("{9A19103F-16F7-4668-BE54-9A1E7A4F7556}") = "BLL.App.DTO", "BLL.App.DTO\BLL.App.DTO.csproj", "{740710D4-3B91-44C2-A16B-1E1CAAABF6BE}"
EndProject
Project("{9A19103F-16F7-4668-BE54-9A1E7A4F7556}") = "Contracts.BLL.Base", "Contracts.BLL.Base\Contracts.BLL.Base.csproj", "{296C746B-8138-4F02-9DF0-8D77C108BB11}"
EndProject
Project("{9A19103F-16F7-4668-BE54-9A1E7A4F7556}") = "Contracts.BLL.App", "Contracts.BLL.App\Contracts.BLL.App.csproj", "{F2ED4BEF-A415-49AD-A324-4A0C54A57D00}"
EndProject
Project("{9A19103F-16F7-4668-BE54-9A1E7A4F7556}") = "Contracts.Base", "Contracts.Base\Contracts.Base.csproj", "{6EAD1226-D30D-432E-A5B9-85799DE63311}"
EndProject
Project("{9A19103F-16F7-4668-BE54-9A1E7A4F7556}") = "BLL.Base", "BLL.Base\BLL.Base.csproj", "{44887411-9738-41E1-8698-77B565CAC5EE}"
EndProject
Project("{9A19103F-16F7-4668-BE54-9A1E7A4F7556}") = "BLL.App", "BLL.App\BLL.App.csproj", "{EDA8BF77-D8F1-43F6-B14E-52127C8C0A01}"
EndProject
Project("{9A19103F-16F7-4668-BE54-9A1E7A4F7556}") = "PublicApi.v1.DTO", "PublicApi.v1.DTO\PublicApi.v1.DTO.csproj", "{FA8F0897-484B-4581-A442-25D9898ED8DC}"
EndProject
Project("{9A19103F-16F7-4668-BE54-9A1E7A4F7556}") = "PublicApi.v1", "PublicApi.v1\PublicApi.v1.csproj", "{FB43AFA7-13E4-46B5-A149-4A47A3427891}"
EndProject
Project("{FAE04EC0-301F-11D3-BF4B-00C04F79EFBC}") = "Resources", "Resources\Resources.csproj", "{724DBE74-B0E3-48BE-9586-0F57B42630D0}"
EndProject
Project("{FAE04EC0-301F-11D3-BF4B-00C04F79EFBC}") = "PublicApi.v2.DTO", "PublicApi.v2.DTO\PublicApi.v2.DTO.csproj", "{29D51EA7-873C-4FAD-A6F0-41D817509FBA}"
EndProject
Project("{FAE04EC0-301F-11D3-BF4B-00C04F79EFBC}") = "PublicApi.v2", "PublicApi.v2\PublicApi.v2.csproj", "{79E07E7E-20A9-4F8A-9D40-3198FAB00D01}"
EndProject
Global
	GlobalSection(SolutionConfigurationPlatforms) = preSolution
		Debug|Any CPU = Debug|Any CPU
		Release|Any CPU = Release|Any CPU
	EndGlobalSection
	GlobalSection(ProjectConfigurationPlatforms) = postSolution
		{B85D5E5A-260F-43BA-88BD-671161F86CF7}.Debug|Any CPU.ActiveCfg = Debug|Any CPU
		{B85D5E5A-260F-43BA-88BD-671161F86CF7}.Debug|Any CPU.Build.0 = Debug|Any CPU
		{B85D5E5A-260F-43BA-88BD-671161F86CF7}.Release|Any CPU.ActiveCfg = Release|Any CPU
		{B85D5E5A-260F-43BA-88BD-671161F86CF7}.Release|Any CPU.Build.0 = Release|Any CPU
		{1E00AFEC-566C-4477-A49C-16888BA37CD5}.Debug|Any CPU.ActiveCfg = Debug|Any CPU
		{1E00AFEC-566C-4477-A49C-16888BA37CD5}.Debug|Any CPU.Build.0 = Debug|Any CPU
		{1E00AFEC-566C-4477-A49C-16888BA37CD5}.Release|Any CPU.ActiveCfg = Release|Any CPU
		{1E00AFEC-566C-4477-A49C-16888BA37CD5}.Release|Any CPU.Build.0 = Release|Any CPU
		{0D7F08B2-BD20-4E9D-90EB-4A5BE551C98D}.Debug|Any CPU.ActiveCfg = Debug|Any CPU
		{0D7F08B2-BD20-4E9D-90EB-4A5BE551C98D}.Debug|Any CPU.Build.0 = Debug|Any CPU
		{0D7F08B2-BD20-4E9D-90EB-4A5BE551C98D}.Release|Any CPU.ActiveCfg = Release|Any CPU
		{0D7F08B2-BD20-4E9D-90EB-4A5BE551C98D}.Release|Any CPU.Build.0 = Release|Any CPU
		{447F4B0F-27A1-41DA-94B6-DED0D4145BC8}.Debug|Any CPU.ActiveCfg = Debug|Any CPU
		{447F4B0F-27A1-41DA-94B6-DED0D4145BC8}.Debug|Any CPU.Build.0 = Debug|Any CPU
		{447F4B0F-27A1-41DA-94B6-DED0D4145BC8}.Release|Any CPU.ActiveCfg = Release|Any CPU
		{447F4B0F-27A1-41DA-94B6-DED0D4145BC8}.Release|Any CPU.Build.0 = Release|Any CPU
		{20204F78-BEA6-498D-B503-627D1E1CCC06}.Debug|Any CPU.ActiveCfg = Debug|Any CPU
		{20204F78-BEA6-498D-B503-627D1E1CCC06}.Debug|Any CPU.Build.0 = Debug|Any CPU
		{20204F78-BEA6-498D-B503-627D1E1CCC06}.Release|Any CPU.ActiveCfg = Release|Any CPU
		{20204F78-BEA6-498D-B503-627D1E1CCC06}.Release|Any CPU.Build.0 = Release|Any CPU
		{953AEB68-5146-42B7-8C1A-1994D3158B3A}.Debug|Any CPU.ActiveCfg = Debug|Any CPU
		{953AEB68-5146-42B7-8C1A-1994D3158B3A}.Debug|Any CPU.Build.0 = Debug|Any CPU
		{953AEB68-5146-42B7-8C1A-1994D3158B3A}.Release|Any CPU.ActiveCfg = Release|Any CPU
		{953AEB68-5146-42B7-8C1A-1994D3158B3A}.Release|Any CPU.Build.0 = Release|Any CPU
		{63B49079-2C79-49C4-BA63-4EE671242B24}.Debug|Any CPU.ActiveCfg = Debug|Any CPU
		{63B49079-2C79-49C4-BA63-4EE671242B24}.Debug|Any CPU.Build.0 = Debug|Any CPU
		{63B49079-2C79-49C4-BA63-4EE671242B24}.Release|Any CPU.ActiveCfg = Release|Any CPU
		{63B49079-2C79-49C4-BA63-4EE671242B24}.Release|Any CPU.Build.0 = Release|Any CPU
		{E77BDC9E-9ACF-4673-83B8-E5970258C12A}.Debug|Any CPU.ActiveCfg = Debug|Any CPU
		{E77BDC9E-9ACF-4673-83B8-E5970258C12A}.Debug|Any CPU.Build.0 = Debug|Any CPU
		{E77BDC9E-9ACF-4673-83B8-E5970258C12A}.Release|Any CPU.ActiveCfg = Release|Any CPU
		{E77BDC9E-9ACF-4673-83B8-E5970258C12A}.Release|Any CPU.Build.0 = Release|Any CPU
		{740710D4-3B91-44C2-A16B-1E1CAAABF6BE}.Debug|Any CPU.ActiveCfg = Debug|Any CPU
		{740710D4-3B91-44C2-A16B-1E1CAAABF6BE}.Debug|Any CPU.Build.0 = Debug|Any CPU
		{740710D4-3B91-44C2-A16B-1E1CAAABF6BE}.Release|Any CPU.ActiveCfg = Release|Any CPU
		{740710D4-3B91-44C2-A16B-1E1CAAABF6BE}.Release|Any CPU.Build.0 = Release|Any CPU
		{296C746B-8138-4F02-9DF0-8D77C108BB11}.Debug|Any CPU.ActiveCfg = Debug|Any CPU
		{296C746B-8138-4F02-9DF0-8D77C108BB11}.Debug|Any CPU.Build.0 = Debug|Any CPU
		{296C746B-8138-4F02-9DF0-8D77C108BB11}.Release|Any CPU.ActiveCfg = Release|Any CPU
		{296C746B-8138-4F02-9DF0-8D77C108BB11}.Release|Any CPU.Build.0 = Release|Any CPU
		{F2ED4BEF-A415-49AD-A324-4A0C54A57D00}.Debug|Any CPU.ActiveCfg = Debug|Any CPU
		{F2ED4BEF-A415-49AD-A324-4A0C54A57D00}.Debug|Any CPU.Build.0 = Debug|Any CPU
		{F2ED4BEF-A415-49AD-A324-4A0C54A57D00}.Release|Any CPU.ActiveCfg = Release|Any CPU
		{F2ED4BEF-A415-49AD-A324-4A0C54A57D00}.Release|Any CPU.Build.0 = Release|Any CPU
		{6EAD1226-D30D-432E-A5B9-85799DE63311}.Debug|Any CPU.ActiveCfg = Debug|Any CPU
		{6EAD1226-D30D-432E-A5B9-85799DE63311}.Debug|Any CPU.Build.0 = Debug|Any CPU
		{6EAD1226-D30D-432E-A5B9-85799DE63311}.Release|Any CPU.ActiveCfg = Release|Any CPU
		{6EAD1226-D30D-432E-A5B9-85799DE63311}.Release|Any CPU.Build.0 = Release|Any CPU
		{44887411-9738-41E1-8698-77B565CAC5EE}.Debug|Any CPU.ActiveCfg = Debug|Any CPU
		{44887411-9738-41E1-8698-77B565CAC5EE}.Debug|Any CPU.Build.0 = Debug|Any CPU
		{44887411-9738-41E1-8698-77B565CAC5EE}.Release|Any CPU.ActiveCfg = Release|Any CPU
		{44887411-9738-41E1-8698-77B565CAC5EE}.Release|Any CPU.Build.0 = Release|Any CPU
		{EDA8BF77-D8F1-43F6-B14E-52127C8C0A01}.Debug|Any CPU.ActiveCfg = Debug|Any CPU
		{EDA8BF77-D8F1-43F6-B14E-52127C8C0A01}.Debug|Any CPU.Build.0 = Debug|Any CPU
		{EDA8BF77-D8F1-43F6-B14E-52127C8C0A01}.Release|Any CPU.ActiveCfg = Release|Any CPU
		{EDA8BF77-D8F1-43F6-B14E-52127C8C0A01}.Release|Any CPU.Build.0 = Release|Any CPU
		{FA8F0897-484B-4581-A442-25D9898ED8DC}.Debug|Any CPU.ActiveCfg = Debug|Any CPU
		{FA8F0897-484B-4581-A442-25D9898ED8DC}.Debug|Any CPU.Build.0 = Debug|Any CPU
		{FA8F0897-484B-4581-A442-25D9898ED8DC}.Release|Any CPU.ActiveCfg = Release|Any CPU
		{FA8F0897-484B-4581-A442-25D9898ED8DC}.Release|Any CPU.Build.0 = Release|Any CPU
		{FB43AFA7-13E4-46B5-A149-4A47A3427891}.Debug|Any CPU.ActiveCfg = Debug|Any CPU
		{FB43AFA7-13E4-46B5-A149-4A47A3427891}.Debug|Any CPU.Build.0 = Debug|Any CPU
		{FB43AFA7-13E4-46B5-A149-4A47A3427891}.Release|Any CPU.ActiveCfg = Release|Any CPU
		{FB43AFA7-13E4-46B5-A149-4A47A3427891}.Release|Any CPU.Build.0 = Release|Any CPU
		{724DBE74-B0E3-48BE-9586-0F57B42630D0}.Debug|Any CPU.ActiveCfg = Debug|Any CPU
		{724DBE74-B0E3-48BE-9586-0F57B42630D0}.Debug|Any CPU.Build.0 = Debug|Any CPU
		{724DBE74-B0E3-48BE-9586-0F57B42630D0}.Release|Any CPU.ActiveCfg = Release|Any CPU
		{724DBE74-B0E3-48BE-9586-0F57B42630D0}.Release|Any CPU.Build.0 = Release|Any CPU
		{29D51EA7-873C-4FAD-A6F0-41D817509FBA}.Debug|Any CPU.ActiveCfg = Debug|Any CPU
		{29D51EA7-873C-4FAD-A6F0-41D817509FBA}.Debug|Any CPU.Build.0 = Debug|Any CPU
		{29D51EA7-873C-4FAD-A6F0-41D817509FBA}.Release|Any CPU.ActiveCfg = Release|Any CPU
		{29D51EA7-873C-4FAD-A6F0-41D817509FBA}.Release|Any CPU.Build.0 = Release|Any CPU
		{79E07E7E-20A9-4F8A-9D40-3198FAB00D01}.Debug|Any CPU.ActiveCfg = Debug|Any CPU
		{79E07E7E-20A9-4F8A-9D40-3198FAB00D01}.Debug|Any CPU.Build.0 = Debug|Any CPU
		{79E07E7E-20A9-4F8A-9D40-3198FAB00D01}.Release|Any CPU.ActiveCfg = Release|Any CPU
		{79E07E7E-20A9-4F8A-9D40-3198FAB00D01}.Release|Any CPU.Build.0 = Release|Any CPU
	EndGlobalSection
	GlobalSection(SolutionProperties) = preSolution
		HideSolutionNode = FALSE
	EndGlobalSection
	GlobalSection(ExtensibilityGlobals) = postSolution
		SolutionGuid = {727033DA-0347-4915-A3FD-1A63459D08F6}
	EndGlobalSection
EndGlobal
